// !$*UTF8*$!
{
	archiveVersion = 1;
	classes = {
	};
	objectVersion = 46;
	objects = {

/* Begin PBXBuildFile section */
		A8399D321A2818000067DEA5 /* main.m in Sources */ = {isa = PBXBuildFile; fileRef = A8399D311A2818000067DEA5 /* main.m */; };
		A8399D351A2818000067DEA5 /* AppDelegate.m in Sources */ = {isa = PBXBuildFile; fileRef = A8399D341A2818000067DEA5 /* AppDelegate.m */; };
		A8399D381A2818000067DEA5 /* IndicatorViewController.m in Sources */ = {isa = PBXBuildFile; fileRef = A8399D371A2818000067DEA5 /* IndicatorViewController.m */; };
		A8399D3B1A2818000067DEA5 /* Indicator.storyboard in Resources */ = {isa = PBXBuildFile; fileRef = A8399D391A2818000067DEA5 /* Indicator.storyboard */; };
		A8399D3D1A2818000067DEA5 /* Images.xcassets in Resources */ = {isa = PBXBuildFile; fileRef = A8399D3C1A2818000067DEA5 /* Images.xcassets */; };
		A8399D401A2818000067DEA5 /* LaunchScreen.xib in Resources */ = {isa = PBXBuildFile; fileRef = A8399D3E1A2818000067DEA5 /* LaunchScreen.xib */; };
		A8399D4C1A2818000067DEA5 /* ActivityIndicatorTests.m in Sources */ = {isa = PBXBuildFile; fileRef = A8399D4B1A2818000067DEA5 /* ActivityIndicatorTests.m */; };
		A8399D5C1A28558F0067DEA5 /* main.m in Sources */ = {isa = PBXBuildFile; fileRef = A8399D5B1A28558F0067DEA5 /* main.m */; };
		A8399D5F1A28558F0067DEA5 /* AppDelegate.m in Sources */ = {isa = PBXBuildFile; fileRef = A8399D5E1A28558F0067DEA5 /* AppDelegate.m */; };
		A8399D621A28558F0067DEA5 /* ToolBarController.m in Sources */ = {isa = PBXBuildFile; fileRef = A8399D611A28558F0067DEA5 /* ToolBarController.m */; };
		A8399D651A28558F0067DEA5 /* Toolbar.storyboard in Resources */ = {isa = PBXBuildFile; fileRef = A8399D631A28558F0067DEA5 /* Toolbar.storyboard */; };
		A8399D671A28558F0067DEA5 /* Images.xcassets in Resources */ = {isa = PBXBuildFile; fileRef = A8399D661A28558F0067DEA5 /* Images.xcassets */; };
		A8399D6A1A28558F0067DEA5 /* LaunchScreen.xib in Resources */ = {isa = PBXBuildFile; fileRef = A8399D681A28558F0067DEA5 /* LaunchScreen.xib */; };
		A8399D761A28558F0067DEA5 /* ToolBarTestTests.m in Sources */ = {isa = PBXBuildFile; fileRef = A8399D751A28558F0067DEA5 /* ToolBarTestTests.m */; };
		A869C7B21A2978BC0096FCD3 /* main.m in Sources */ = {isa = PBXBuildFile; fileRef = A869C7B11A2978BC0096FCD3 /* main.m */; };
		A869C7B51A2978BC0096FCD3 /* AppDelegate.m in Sources */ = {isa = PBXBuildFile; fileRef = A869C7B41A2978BC0096FCD3 /* AppDelegate.m */; };
		A869C7B81A2978BC0096FCD3 /* RotateScreenTest.m in Sources */ = {isa = PBXBuildFile; fileRef = A869C7B71A2978BC0096FCD3 /* RotateScreenTest.m */; };
		A869C7BB1A2978BC0096FCD3 /* RotateScreen.storyboard in Resources */ = {isa = PBXBuildFile; fileRef = A869C7B91A2978BC0096FCD3 /* RotateScreen.storyboard */; };
		A869C7BD1A2978BC0096FCD3 /* Images.xcassets in Resources */ = {isa = PBXBuildFile; fileRef = A869C7BC1A2978BC0096FCD3 /* Images.xcassets */; };
		A869C7C01A2978BC0096FCD3 /* LaunchScreen.xib in Resources */ = {isa = PBXBuildFile; fileRef = A869C7BE1A2978BC0096FCD3 /* LaunchScreen.xib */; };
		A869C7CC1A2978BC0096FCD3 /* RotateScreenTestTests.m in Sources */ = {isa = PBXBuildFile; fileRef = A869C7CB1A2978BC0096FCD3 /* RotateScreenTestTests.m */; };
		A869C7D41A29B05F0096FCD3 /* provinces-cities.plist in Resources */ = {isa = PBXBuildFile; fileRef = A869C7D31A29B05F0096FCD3 /* provinces-cities.plist */; };
		A869C7DE1A29BC940096FCD3 /* main.m in Sources */ = {isa = PBXBuildFile; fileRef = A869C7DD1A29BC940096FCD3 /* main.m */; };
		A869C7E11A29BC940096FCD3 /* AppDelegate.m in Sources */ = {isa = PBXBuildFile; fileRef = A869C7E01A29BC940096FCD3 /* AppDelegate.m */; };
		A869C7E41A29BC940096FCD3 /* ViewController.m in Sources */ = {isa = PBXBuildFile; fileRef = A869C7E31A29BC940096FCD3 /* ViewController.m */; };
		A869C7E71A29BC940096FCD3 /* Collection.storyboard in Resources */ = {isa = PBXBuildFile; fileRef = A869C7E51A29BC940096FCD3 /* Collection.storyboard */; };
		A869C7E91A29BC940096FCD3 /* Images.xcassets in Resources */ = {isa = PBXBuildFile; fileRef = A869C7E81A29BC940096FCD3 /* Images.xcassets */; };
		A869C7EC1A29BC950096FCD3 /* LaunchScreen.xib in Resources */ = {isa = PBXBuildFile; fileRef = A869C7EA1A29BC950096FCD3 /* LaunchScreen.xib */; };
		A869C7F81A29BC950096FCD3 /* CollectionViewSampleTests.m in Sources */ = {isa = PBXBuildFile; fileRef = A869C7F71A29BC950096FCD3 /* CollectionViewSampleTests.m */; };
		A869C8001A29BDA20096FCD3 /* events.plist in Resources */ = {isa = PBXBuildFile; fileRef = A869C7FF1A29BDA20096FCD3 /* events.plist */; };
		A869C8031A29BEBE0096FCD3 /* 1.png in Resources */ = {isa = PBXBuildFile; fileRef = A869C8011A29BEBE0096FCD3 /* 1.png */; };
		A869C8041A29BEBE0096FCD3 /* 2.png in Resources */ = {isa = PBXBuildFile; fileRef = A869C8021A29BEBE0096FCD3 /* 2.png */; };
		A869C8081A29C12A0096FCD3 /* Cell.m in Sources */ = {isa = PBXBuildFile; fileRef = A869C8071A29C12A0096FCD3 /* Cell.m */; };
		A8EBFB381A2673AF00836604 /* main.m in Sources */ = {isa = PBXBuildFile; fileRef = A8EBFB371A2673AF00836604 /* main.m */; };
		A8EBFB3B1A2673AF00836604 /* AppDelegate.m in Sources */ = {isa = PBXBuildFile; fileRef = A8EBFB3A1A2673AF00836604 /* AppDelegate.m */; };
		A8EBFB3E1A2673AF00836604 /* ScrolController.m in Sources */ = {isa = PBXBuildFile; fileRef = A8EBFB3D1A2673AF00836604 /* ScrolController.m */; };
		A8EBFB411A2673AF00836604 /* Scrol.storyboard in Resources */ = {isa = PBXBuildFile; fileRef = A8EBFB3F1A2673AF00836604 /* Scrol.storyboard */; };
		A8EBFB431A2673AF00836604 /* Images.xcassets in Resources */ = {isa = PBXBuildFile; fileRef = A8EBFB421A2673AF00836604 /* Images.xcassets */; };
		A8EBFB461A2673AF00836604 /* LaunchScreen.xib in Resources */ = {isa = PBXBuildFile; fileRef = A8EBFB441A2673AF00836604 /* LaunchScreen.xib */; };
		A8EBFB521A2673AF00836604 /* ScrolTestTests.m in Sources */ = {isa = PBXBuildFile; fileRef = A8EBFB511A2673AF00836604 /* ScrolTestTests.m */; };
/* End PBXBuildFile section */

/* Begin PBXContainerItemProxy section */
		A8399D461A2818000067DEA5 /* PBXContainerItemProxy */ = {
			isa = PBXContainerItemProxy;
			containerPortal = A8EBFB2A1A2673AF00836604 /* Project object */;
			proxyType = 1;
			remoteGlobalIDString = A8399D2C1A2818000067DEA5;
			remoteInfo = ActivityIndicator;
		};
		A8399D701A28558F0067DEA5 /* PBXContainerItemProxy */ = {
			isa = PBXContainerItemProxy;
			containerPortal = A8EBFB2A1A2673AF00836604 /* Project object */;
			proxyType = 1;
			remoteGlobalIDString = A8399D561A28558F0067DEA5;
			remoteInfo = ToolBarTest;
		};
		A869C7C61A2978BC0096FCD3 /* PBXContainerItemProxy */ = {
			isa = PBXContainerItemProxy;
			containerPortal = A8EBFB2A1A2673AF00836604 /* Project object */;
			proxyType = 1;
			remoteGlobalIDString = A869C7AC1A2978BC0096FCD3;
			remoteInfo = RotateScreenTest;
		};
		A869C7F21A29BC950096FCD3 /* PBXContainerItemProxy */ = {
			isa = PBXContainerItemProxy;
			containerPortal = A8EBFB2A1A2673AF00836604 /* Project object */;
			proxyType = 1;
			remoteGlobalIDString = A869C7D81A29BC940096FCD3;
			remoteInfo = CollectionViewSample;
		};
		A8EBFB4C1A2673AF00836604 /* PBXContainerItemProxy */ = {
			isa = PBXContainerItemProxy;
			containerPortal = A8EBFB2A1A2673AF00836604 /* Project object */;
			proxyType = 1;
			remoteGlobalIDString = A8EBFB311A2673AF00836604;
			remoteInfo = ScrolTest;
		};
/* End PBXContainerItemProxy section */

/* Begin PBXFileReference section */
		A8399D2D1A2818000067DEA5 /* ActivityIndicator.app */ = {isa = PBXFileReference; explicitFileType = wrapper.application; includeInIndex = 0; path = ActivityIndicator.app; sourceTree = BUILT_PRODUCTS_DIR; };
		A8399D301A2818000067DEA5 /* Info.plist */ = {isa = PBXFileReference; lastKnownFileType = text.plist.xml; path = Info.plist; sourceTree = "<group>"; };
		A8399D311A2818000067DEA5 /* main.m */ = {isa = PBXFileReference; lastKnownFileType = sourcecode.c.objc; path = main.m; sourceTree = "<group>"; };
		A8399D331A2818000067DEA5 /* AppDelegate.h */ = {isa = PBXFileReference; lastKnownFileType = sourcecode.c.h; path = AppDelegate.h; sourceTree = "<group>"; };
		A8399D341A2818000067DEA5 /* AppDelegate.m */ = {isa = PBXFileReference; lastKnownFileType = sourcecode.c.objc; path = AppDelegate.m; sourceTree = "<group>"; };
		A8399D361A2818000067DEA5 /* IndicatorViewController.h */ = {isa = PBXFileReference; lastKnownFileType = sourcecode.c.h; path = IndicatorViewController.h; sourceTree = "<group>"; };
		A8399D371A2818000067DEA5 /* IndicatorViewController.m */ = {isa = PBXFileReference; lastKnownFileType = sourcecode.c.objc; path = IndicatorViewController.m; sourceTree = "<group>"; };
		A8399D3A1A2818000067DEA5 /* Base */ = {isa = PBXFileReference; lastKnownFileType = file.storyboard; name = Base; path = Base.lproj/Indicator.storyboard; sourceTree = "<group>"; };
		A8399D3C1A2818000067DEA5 /* Images.xcassets */ = {isa = PBXFileReference; lastKnownFileType = folder.assetcatalog; path = Images.xcassets; sourceTree = "<group>"; };
		A8399D3F1A2818000067DEA5 /* Base */ = {isa = PBXFileReference; lastKnownFileType = file.xib; name = Base; path = Base.lproj/LaunchScreen.xib; sourceTree = "<group>"; };
		A8399D451A2818000067DEA5 /* ActivityIndicatorTests.xctest */ = {isa = PBXFileReference; explicitFileType = wrapper.cfbundle; includeInIndex = 0; path = ActivityIndicatorTests.xctest; sourceTree = BUILT_PRODUCTS_DIR; };
		A8399D4A1A2818000067DEA5 /* Info.plist */ = {isa = PBXFileReference; lastKnownFileType = text.plist.xml; path = Info.plist; sourceTree = "<group>"; };
		A8399D4B1A2818000067DEA5 /* ActivityIndicatorTests.m */ = {isa = PBXFileReference; lastKnownFileType = sourcecode.c.objc; path = ActivityIndicatorTests.m; sourceTree = "<group>"; };
		A8399D571A28558F0067DEA5 /* ToolBarTest.app */ = {isa = PBXFileReference; explicitFileType = wrapper.application; includeInIndex = 0; path = ToolBarTest.app; sourceTree = BUILT_PRODUCTS_DIR; };
		A8399D5A1A28558F0067DEA5 /* Info.plist */ = {isa = PBXFileReference; lastKnownFileType = text.plist.xml; path = Info.plist; sourceTree = "<group>"; };
		A8399D5B1A28558F0067DEA5 /* main.m */ = {isa = PBXFileReference; lastKnownFileType = sourcecode.c.objc; path = main.m; sourceTree = "<group>"; };
		A8399D5D1A28558F0067DEA5 /* AppDelegate.h */ = {isa = PBXFileReference; lastKnownFileType = sourcecode.c.h; path = AppDelegate.h; sourceTree = "<group>"; };
		A8399D5E1A28558F0067DEA5 /* AppDelegate.m */ = {isa = PBXFileReference; lastKnownFileType = sourcecode.c.objc; path = AppDelegate.m; sourceTree = "<group>"; };
		A8399D601A28558F0067DEA5 /* ToolBarController.h */ = {isa = PBXFileReference; lastKnownFileType = sourcecode.c.h; path = ToolBarController.h; sourceTree = "<group>"; };
		A8399D611A28558F0067DEA5 /* ToolBarController.m */ = {isa = PBXFileReference; lastKnownFileType = sourcecode.c.objc; path = ToolBarController.m; sourceTree = "<group>"; };
		A8399D641A28558F0067DEA5 /* Base */ = {isa = PBXFileReference; lastKnownFileType = file.storyboard; name = Base; path = Base.lproj/Toolbar.storyboard; sourceTree = "<group>"; };
		A8399D661A28558F0067DEA5 /* Images.xcassets */ = {isa = PBXFileReference; lastKnownFileType = folder.assetcatalog; path = Images.xcassets; sourceTree = "<group>"; };
		A8399D691A28558F0067DEA5 /* Base */ = {isa = PBXFileReference; lastKnownFileType = file.xib; name = Base; path = Base.lproj/LaunchScreen.xib; sourceTree = "<group>"; };
		A8399D6F1A28558F0067DEA5 /* ToolBarTestTests.xctest */ = {isa = PBXFileReference; explicitFileType = wrapper.cfbundle; includeInIndex = 0; path = ToolBarTestTests.xctest; sourceTree = BUILT_PRODUCTS_DIR; };
		A8399D741A28558F0067DEA5 /* Info.plist */ = {isa = PBXFileReference; lastKnownFileType = text.plist.xml; path = Info.plist; sourceTree = "<group>"; };
		A8399D751A28558F0067DEA5 /* ToolBarTestTests.m */ = {isa = PBXFileReference; lastKnownFileType = sourcecode.c.objc; path = ToolBarTestTests.m; sourceTree = "<group>"; };
		A869C7AD1A2978BC0096FCD3 /* RotateScreenTest.app */ = {isa = PBXFileReference; explicitFileType = wrapper.application; includeInIndex = 0; path = RotateScreenTest.app; sourceTree = BUILT_PRODUCTS_DIR; };
		A869C7B01A2978BC0096FCD3 /* Info.plist */ = {isa = PBXFileReference; lastKnownFileType = text.plist.xml; path = Info.plist; sourceTree = "<group>"; };
		A869C7B11A2978BC0096FCD3 /* main.m */ = {isa = PBXFileReference; lastKnownFileType = sourcecode.c.objc; path = main.m; sourceTree = "<group>"; };
		A869C7B31A2978BC0096FCD3 /* AppDelegate.h */ = {isa = PBXFileReference; lastKnownFileType = sourcecode.c.h; path = AppDelegate.h; sourceTree = "<group>"; };
		A869C7B41A2978BC0096FCD3 /* AppDelegate.m */ = {isa = PBXFileReference; lastKnownFileType = sourcecode.c.objc; path = AppDelegate.m; sourceTree = "<group>"; };
		A869C7B61A2978BC0096FCD3 /* RotateScreenTest.h */ = {isa = PBXFileReference; lastKnownFileType = sourcecode.c.h; path = RotateScreenTest.h; sourceTree = "<group>"; };
		A869C7B71A2978BC0096FCD3 /* RotateScreenTest.m */ = {isa = PBXFileReference; lastKnownFileType = sourcecode.c.objc; path = RotateScreenTest.m; sourceTree = "<group>"; };
		A869C7BA1A2978BC0096FCD3 /* Base */ = {isa = PBXFileReference; lastKnownFileType = file.storyboard; name = Base; path = Base.lproj/RotateScreen.storyboard; sourceTree = "<group>"; };
		A869C7BC1A2978BC0096FCD3 /* Images.xcassets */ = {isa = PBXFileReference; lastKnownFileType = folder.assetcatalog; path = Images.xcassets; sourceTree = "<group>"; };
		A869C7BF1A2978BC0096FCD3 /* Base */ = {isa = PBXFileReference; lastKnownFileType = file.xib; name = Base; path = Base.lproj/LaunchScreen.xib; sourceTree = "<group>"; };
		A869C7C51A2978BC0096FCD3 /* RotateScreenTestTests.xctest */ = {isa = PBXFileReference; explicitFileType = wrapper.cfbundle; includeInIndex = 0; path = RotateScreenTestTests.xctest; sourceTree = BUILT_PRODUCTS_DIR; };
		A869C7CA1A2978BC0096FCD3 /* Info.plist */ = {isa = PBXFileReference; lastKnownFileType = text.plist.xml; path = Info.plist; sourceTree = "<group>"; };
		A869C7CB1A2978BC0096FCD3 /* RotateScreenTestTests.m */ = {isa = PBXFileReference; lastKnownFileType = sourcecode.c.objc; path = RotateScreenTestTests.m; sourceTree = "<group>"; };
		A869C7D31A29B05F0096FCD3 /* provinces-cities.plist */ = {isa = PBXFileReference; fileEncoding = 4; lastKnownFileType = text.plist.xml; path = "provinces-cities.plist"; sourceTree = "<group>"; };
		A869C7D91A29BC940096FCD3 /* CollectionViewSample.app */ = {isa = PBXFileReference; explicitFileType = wrapper.application; includeInIndex = 0; path = CollectionViewSample.app; sourceTree = BUILT_PRODUCTS_DIR; };
		A869C7DC1A29BC940096FCD3 /* Info.plist */ = {isa = PBXFileReference; lastKnownFileType = text.plist.xml; path = Info.plist; sourceTree = "<group>"; };
		A869C7DD1A29BC940096FCD3 /* main.m */ = {isa = PBXFileReference; lastKnownFileType = sourcecode.c.objc; path = main.m; sourceTree = "<group>"; };
		A869C7DF1A29BC940096FCD3 /* AppDelegate.h */ = {isa = PBXFileReference; lastKnownFileType = sourcecode.c.h; path = AppDelegate.h; sourceTree = "<group>"; };
		A869C7E01A29BC940096FCD3 /* AppDelegate.m */ = {isa = PBXFileReference; lastKnownFileType = sourcecode.c.objc; path = AppDelegate.m; sourceTree = "<group>"; };
		A869C7E21A29BC940096FCD3 /* ViewController.h */ = {isa = PBXFileReference; lastKnownFileType = sourcecode.c.h; path = ViewController.h; sourceTree = "<group>"; };
		A869C7E31A29BC940096FCD3 /* ViewController.m */ = {isa = PBXFileReference; lastKnownFileType = sourcecode.c.objc; path = ViewController.m; sourceTree = "<group>"; };
		A869C7E61A29BC940096FCD3 /* Base */ = {isa = PBXFileReference; lastKnownFileType = file.storyboard; name = Base; path = Base.lproj/Collection.storyboard; sourceTree = "<group>"; };
		A869C7E81A29BC940096FCD3 /* Images.xcassets */ = {isa = PBXFileReference; lastKnownFileType = folder.assetcatalog; path = Images.xcassets; sourceTree = "<group>"; };
		A869C7EB1A29BC950096FCD3 /* Base */ = {isa = PBXFileReference; lastKnownFileType = file.xib; name = Base; path = Base.lproj/LaunchScreen.xib; sourceTree = "<group>"; };
		A869C7F11A29BC950096FCD3 /* CollectionViewSampleTests.xctest */ = {isa = PBXFileReference; explicitFileType = wrapper.cfbundle; includeInIndex = 0; path = CollectionViewSampleTests.xctest; sourceTree = BUILT_PRODUCTS_DIR; };
		A869C7F61A29BC950096FCD3 /* Info.plist */ = {isa = PBXFileReference; lastKnownFileType = text.plist.xml; path = Info.plist; sourceTree = "<group>"; };
		A869C7F71A29BC950096FCD3 /* CollectionViewSampleTests.m */ = {isa = PBXFileReference; lastKnownFileType = sourcecode.c.objc; path = CollectionViewSampleTests.m; sourceTree = "<group>"; };
		A869C7FF1A29BDA20096FCD3 /* events.plist */ = {isa = PBXFileReference; fileEncoding = 4; lastKnownFileType = text.plist.xml; path = events.plist; sourceTree = "<group>"; };
		A869C8011A29BEBE0096FCD3 /* 1.png */ = {isa = PBXFileReference; lastKnownFileType = image.png; path = 1.png; sourceTree = "<group>"; };
		A869C8021A29BEBE0096FCD3 /* 2.png */ = {isa = PBXFileReference; lastKnownFileType = image.png; path = 2.png; sourceTree = "<group>"; };
		A869C8061A29C12A0096FCD3 /* Cell.h */ = {isa = PBXFileReference; fileEncoding = 4; lastKnownFileType = sourcecode.c.h; path = Cell.h; sourceTree = "<group>"; };
		A869C8071A29C12A0096FCD3 /* Cell.m */ = {isa = PBXFileReference; fileEncoding = 4; lastKnownFileType = sourcecode.c.objc; path = Cell.m; sourceTree = "<group>"; };
		A8EBFB321A2673AF00836604 /* ScrolTest.app */ = {isa = PBXFileReference; explicitFileType = wrapper.application; includeInIndex = 0; path = ScrolTest.app; sourceTree = BUILT_PRODUCTS_DIR; };
		A8EBFB361A2673AF00836604 /* Info.plist */ = {isa = PBXFileReference; lastKnownFileType = text.plist.xml; path = Info.plist; sourceTree = "<group>"; };
		A8EBFB371A2673AF00836604 /* main.m */ = {isa = PBXFileReference; lastKnownFileType = sourcecode.c.objc; path = main.m; sourceTree = "<group>"; };
		A8EBFB391A2673AF00836604 /* AppDelegate.h */ = {isa = PBXFileReference; lastKnownFileType = sourcecode.c.h; path = AppDelegate.h; sourceTree = "<group>"; };
		A8EBFB3A1A2673AF00836604 /* AppDelegate.m */ = {isa = PBXFileReference; lastKnownFileType = sourcecode.c.objc; path = AppDelegate.m; sourceTree = "<group>"; };
		A8EBFB3C1A2673AF00836604 /* ScrolController.h */ = {isa = PBXFileReference; lastKnownFileType = sourcecode.c.h; path = ScrolController.h; sourceTree = "<group>"; };
		A8EBFB3D1A2673AF00836604 /* ScrolController.m */ = {isa = PBXFileReference; lastKnownFileType = sourcecode.c.objc; path = ScrolController.m; sourceTree = "<group>"; };
		A8EBFB401A2673AF00836604 /* Base */ = {isa = PBXFileReference; lastKnownFileType = file.storyboard; name = Base; path = Base.lproj/Scrol.storyboard; sourceTree = "<group>"; };
		A8EBFB421A2673AF00836604 /* Images.xcassets */ = {isa = PBXFileReference; lastKnownFileType = folder.assetcatalog; path = Images.xcassets; sourceTree = "<group>"; };
		A8EBFB451A2673AF00836604 /* Base */ = {isa = PBXFileReference; lastKnownFileType = file.xib; name = Base; path = Base.lproj/LaunchScreen.xib; sourceTree = "<group>"; };
		A8EBFB4B1A2673AF00836604 /* ScrolTestTests.xctest */ = {isa = PBXFileReference; explicitFileType = wrapper.cfbundle; includeInIndex = 0; path = ScrolTestTests.xctest; sourceTree = BUILT_PRODUCTS_DIR; };
		A8EBFB501A2673AF00836604 /* Info.plist */ = {isa = PBXFileReference; lastKnownFileType = text.plist.xml; path = Info.plist; sourceTree = "<group>"; };
		A8EBFB511A2673AF00836604 /* ScrolTestTests.m */ = {isa = PBXFileReference; lastKnownFileType = sourcecode.c.objc; path = ScrolTestTests.m; sourceTree = "<group>"; };
/* End PBXFileReference section */

/* Begin PBXFrameworksBuildPhase section */
		A8399D2A1A2818000067DEA5 /* Frameworks */ = {
			isa = PBXFrameworksBuildPhase;
			buildActionMask = 2147483647;
			files = (
			);
			runOnlyForDeploymentPostprocessing = 0;
		};
		A8399D421A2818000067DEA5 /* Frameworks */ = {
			isa = PBXFrameworksBuildPhase;
			buildActionMask = 2147483647;
			files = (
			);
			runOnlyForDeploymentPostprocessing = 0;
		};
		A8399D541A28558F0067DEA5 /* Frameworks */ = {
			isa = PBXFrameworksBuildPhase;
			buildActionMask = 2147483647;
			files = (
			);
			runOnlyForDeploymentPostprocessing = 0;
		};
		A8399D6C1A28558F0067DEA5 /* Frameworks */ = {
			isa = PBXFrameworksBuildPhase;
			buildActionMask = 2147483647;
			files = (
			);
			runOnlyForDeploymentPostprocessing = 0;
		};
		A869C7AA1A2978BC0096FCD3 /* Frameworks */ = {
			isa = PBXFrameworksBuildPhase;
			buildActionMask = 2147483647;
			files = (
			);
			runOnlyForDeploymentPostprocessing = 0;
		};
		A869C7C21A2978BC0096FCD3 /* Frameworks */ = {
			isa = PBXFrameworksBuildPhase;
			buildActionMask = 2147483647;
			files = (
			);
			runOnlyForDeploymentPostprocessing = 0;
		};
		A869C7D61A29BC940096FCD3 /* Frameworks */ = {
			isa = PBXFrameworksBuildPhase;
			buildActionMask = 2147483647;
			files = (
			);
			runOnlyForDeploymentPostprocessing = 0;
		};
		A869C7EE1A29BC950096FCD3 /* Frameworks */ = {
			isa = PBXFrameworksBuildPhase;
			buildActionMask = 2147483647;
			files = (
			);
			runOnlyForDeploymentPostprocessing = 0;
		};
		A8EBFB2F1A2673AF00836604 /* Frameworks */ = {
			isa = PBXFrameworksBuildPhase;
			buildActionMask = 2147483647;
			files = (
			);
			runOnlyForDeploymentPostprocessing = 0;
		};
		A8EBFB481A2673AF00836604 /* Frameworks */ = {
			isa = PBXFrameworksBuildPhase;
			buildActionMask = 2147483647;
			files = (
			);
			runOnlyForDeploymentPostprocessing = 0;
		};
/* End PBXFrameworksBuildPhase section */

/* Begin PBXGroup section */
		A8399D2E1A2818000067DEA5 /* ActivityIndicator */ = {
			isa = PBXGroup;
			children = (
				A8399D331A2818000067DEA5 /* AppDelegate.h */,
				A8399D341A2818000067DEA5 /* AppDelegate.m */,
				A8399D361A2818000067DEA5 /* IndicatorViewController.h */,
				A8399D371A2818000067DEA5 /* IndicatorViewController.m */,
				A8399D391A2818000067DEA5 /* Indicator.storyboard */,
				A8399D3C1A2818000067DEA5 /* Images.xcassets */,
				A8399D3E1A2818000067DEA5 /* LaunchScreen.xib */,
				A8399D2F1A2818000067DEA5 /* Supporting Files */,
			);
			path = ActivityIndicator;
			sourceTree = "<group>";
		};
		A8399D2F1A2818000067DEA5 /* Supporting Files */ = {
			isa = PBXGroup;
			children = (
				A8399D301A2818000067DEA5 /* Info.plist */,
				A8399D311A2818000067DEA5 /* main.m */,
			);
			name = "Supporting Files";
			sourceTree = "<group>";
		};
		A8399D481A2818000067DEA5 /* ActivityIndicatorTests */ = {
			isa = PBXGroup;
			children = (
				A8399D4B1A2818000067DEA5 /* ActivityIndicatorTests.m */,
				A8399D491A2818000067DEA5 /* Supporting Files */,
			);
			path = ActivityIndicatorTests;
			sourceTree = "<group>";
		};
		A8399D491A2818000067DEA5 /* Supporting Files */ = {
			isa = PBXGroup;
			children = (
				A8399D4A1A2818000067DEA5 /* Info.plist */,
			);
			name = "Supporting Files";
			sourceTree = "<group>";
		};
		A8399D581A28558F0067DEA5 /* ToolBarTest */ = {
			isa = PBXGroup;
			children = (
				A8399D5D1A28558F0067DEA5 /* AppDelegate.h */,
				A8399D5E1A28558F0067DEA5 /* AppDelegate.m */,
				A8399D601A28558F0067DEA5 /* ToolBarController.h */,
				A8399D611A28558F0067DEA5 /* ToolBarController.m */,
				A8399D631A28558F0067DEA5 /* Toolbar.storyboard */,
				A8399D661A28558F0067DEA5 /* Images.xcassets */,
				A8399D681A28558F0067DEA5 /* LaunchScreen.xib */,
				A8399D591A28558F0067DEA5 /* Supporting Files */,
			);
			path = ToolBarTest;
			sourceTree = "<group>";
		};
		A8399D591A28558F0067DEA5 /* Supporting Files */ = {
			isa = PBXGroup;
			children = (
				A8399D5A1A28558F0067DEA5 /* Info.plist */,
				A8399D5B1A28558F0067DEA5 /* main.m */,
			);
			name = "Supporting Files";
			sourceTree = "<group>";
		};
		A8399D721A28558F0067DEA5 /* ToolBarTestTests */ = {
			isa = PBXGroup;
			children = (
				A8399D751A28558F0067DEA5 /* ToolBarTestTests.m */,
				A8399D731A28558F0067DEA5 /* Supporting Files */,
			);
			path = ToolBarTestTests;
			sourceTree = "<group>";
		};
		A8399D731A28558F0067DEA5 /* Supporting Files */ = {
			isa = PBXGroup;
			children = (
				A8399D741A28558F0067DEA5 /* Info.plist */,
			);
			name = "Supporting Files";
			sourceTree = "<group>";
		};
		A869C7AE1A2978BC0096FCD3 /* RotateScreenTest */ = {
			isa = PBXGroup;
			children = (
				A869C7B31A2978BC0096FCD3 /* AppDelegate.h */,
				A869C7B41A2978BC0096FCD3 /* AppDelegate.m */,
				A869C7B61A2978BC0096FCD3 /* RotateScreenTest.h */,
				A869C7B71A2978BC0096FCD3 /* RotateScreenTest.m */,
				A869C7B91A2978BC0096FCD3 /* RotateScreen.storyboard */,
				A869C7BC1A2978BC0096FCD3 /* Images.xcassets */,
				A869C7BE1A2978BC0096FCD3 /* LaunchScreen.xib */,
				A869C7AF1A2978BC0096FCD3 /* Supporting Files */,
				A869C7D31A29B05F0096FCD3 /* provinces-cities.plist */,
			);
			path = RotateScreenTest;
			sourceTree = "<group>";
		};
		A869C7AF1A2978BC0096FCD3 /* Supporting Files */ = {
			isa = PBXGroup;
			children = (
				A869C7B01A2978BC0096FCD3 /* Info.plist */,
				A869C7B11A2978BC0096FCD3 /* main.m */,
			);
			name = "Supporting Files";
			sourceTree = "<group>";
		};
		A869C7C81A2978BC0096FCD3 /* RotateScreenTestTests */ = {
			isa = PBXGroup;
			children = (
				A869C7CB1A2978BC0096FCD3 /* RotateScreenTestTests.m */,
				A869C7C91A2978BC0096FCD3 /* Supporting Files */,
			);
			path = RotateScreenTestTests;
			sourceTree = "<group>";
		};
		A869C7C91A2978BC0096FCD3 /* Supporting Files */ = {
			isa = PBXGroup;
			children = (
				A869C7CA1A2978BC0096FCD3 /* Info.plist */,
			);
			name = "Supporting Files";
			sourceTree = "<group>";
		};
		A869C7DA1A29BC940096FCD3 /* CollectionViewSample */ = {
			isa = PBXGroup;
			children = (
				A869C8011A29BEBE0096FCD3 /* 1.png */,
				A869C8021A29BEBE0096FCD3 /* 2.png */,
				A869C7DF1A29BC940096FCD3 /* AppDelegate.h */,
				A869C7E01A29BC940096FCD3 /* AppDelegate.m */,
				A869C7E21A29BC940096FCD3 /* ViewController.h */,
				A869C7E31A29BC940096FCD3 /* ViewController.m */,
				A869C7E51A29BC940096FCD3 /* Collection.storyboard */,
				A869C7E81A29BC940096FCD3 /* Images.xcassets */,
				A869C7EA1A29BC950096FCD3 /* LaunchScreen.xib */,
				A869C7DB1A29BC940096FCD3 /* Supporting Files */,
				A869C7FF1A29BDA20096FCD3 /* events.plist */,
				A869C8061A29C12A0096FCD3 /* Cell.h */,
				A869C8071A29C12A0096FCD3 /* Cell.m */,
			);
			path = CollectionViewSample;
			sourceTree = "<group>";
		};
		A869C7DB1A29BC940096FCD3 /* Supporting Files */ = {
			isa = PBXGroup;
			children = (
				A869C7DC1A29BC940096FCD3 /* Info.plist */,
				A869C7DD1A29BC940096FCD3 /* main.m */,
			);
			name = "Supporting Files";
			sourceTree = "<group>";
		};
		A869C7F41A29BC950096FCD3 /* CollectionViewSampleTests */ = {
			isa = PBXGroup;
			children = (
				A869C7F71A29BC950096FCD3 /* CollectionViewSampleTests.m */,
				A869C7F51A29BC950096FCD3 /* Supporting Files */,
			);
			path = CollectionViewSampleTests;
			sourceTree = "<group>";
		};
		A869C7F51A29BC950096FCD3 /* Supporting Files */ = {
			isa = PBXGroup;
			children = (
				A869C7F61A29BC950096FCD3 /* Info.plist */,
			);
			name = "Supporting Files";
			sourceTree = "<group>";
		};
		A8EBFB291A2673AF00836604 = {
			isa = PBXGroup;
			children = (
				A8EBFB341A2673AF00836604 /* ScrolTest */,
				A8EBFB4E1A2673AF00836604 /* ScrolTestTests */,
				A8399D2E1A2818000067DEA5 /* ActivityIndicator */,
				A8399D481A2818000067DEA5 /* ActivityIndicatorTests */,
				A8399D581A28558F0067DEA5 /* ToolBarTest */,
				A8399D721A28558F0067DEA5 /* ToolBarTestTests */,
				A869C7AE1A2978BC0096FCD3 /* RotateScreenTest */,
				A869C7C81A2978BC0096FCD3 /* RotateScreenTestTests */,
				A869C7DA1A29BC940096FCD3 /* CollectionViewSample */,
				A869C7F41A29BC950096FCD3 /* CollectionViewSampleTests */,
				A8EBFB331A2673AF00836604 /* Products */,
			);
			sourceTree = "<group>";
		};
		A8EBFB331A2673AF00836604 /* Products */ = {
			isa = PBXGroup;
			children = (
				A8EBFB321A2673AF00836604 /* ScrolTest.app */,
				A8EBFB4B1A2673AF00836604 /* ScrolTestTests.xctest */,
				A8399D2D1A2818000067DEA5 /* ActivityIndicator.app */,
				A8399D451A2818000067DEA5 /* ActivityIndicatorTests.xctest */,
				A8399D571A28558F0067DEA5 /* ToolBarTest.app */,
				A8399D6F1A28558F0067DEA5 /* ToolBarTestTests.xctest */,
				A869C7AD1A2978BC0096FCD3 /* RotateScreenTest.app */,
				A869C7C51A2978BC0096FCD3 /* RotateScreenTestTests.xctest */,
				A869C7D91A29BC940096FCD3 /* CollectionViewSample.app */,
				A869C7F11A29BC950096FCD3 /* CollectionViewSampleTests.xctest */,
			);
			name = Products;
			sourceTree = "<group>";
		};
		A8EBFB341A2673AF00836604 /* ScrolTest */ = {
			isa = PBXGroup;
			children = (
				A8EBFB391A2673AF00836604 /* AppDelegate.h */,
				A8EBFB3A1A2673AF00836604 /* AppDelegate.m */,
				A8EBFB3C1A2673AF00836604 /* ScrolController.h */,
				A8EBFB3D1A2673AF00836604 /* ScrolController.m */,
				A8EBFB3F1A2673AF00836604 /* Scrol.storyboard */,
				A8EBFB421A2673AF00836604 /* Images.xcassets */,
				A8EBFB441A2673AF00836604 /* LaunchScreen.xib */,
				A8EBFB351A2673AF00836604 /* Supporting Files */,
			);
			path = ScrolTest;
			sourceTree = "<group>";
		};
		A8EBFB351A2673AF00836604 /* Supporting Files */ = {
			isa = PBXGroup;
			children = (
				A8EBFB361A2673AF00836604 /* Info.plist */,
				A8EBFB371A2673AF00836604 /* main.m */,
			);
			name = "Supporting Files";
			sourceTree = "<group>";
		};
		A8EBFB4E1A2673AF00836604 /* ScrolTestTests */ = {
			isa = PBXGroup;
			children = (
				A8EBFB511A2673AF00836604 /* ScrolTestTests.m */,
				A8EBFB4F1A2673AF00836604 /* Supporting Files */,
			);
			path = ScrolTestTests;
			sourceTree = "<group>";
		};
		A8EBFB4F1A2673AF00836604 /* Supporting Files */ = {
			isa = PBXGroup;
			children = (
				A8EBFB501A2673AF00836604 /* Info.plist */,
			);
			name = "Supporting Files";
			sourceTree = "<group>";
		};
/* End PBXGroup section */

/* Begin PBXNativeTarget section */
		A8399D2C1A2818000067DEA5 /* ActivityIndicator */ = {
			isa = PBXNativeTarget;
			buildConfigurationList = A8399D4D1A2818000067DEA5 /* Build configuration list for PBXNativeTarget "ActivityIndicator" */;
			buildPhases = (
				A8399D291A2818000067DEA5 /* Sources */,
				A8399D2A1A2818000067DEA5 /* Frameworks */,
				A8399D2B1A2818000067DEA5 /* Resources */,
			);
			buildRules = (
			);
			dependencies = (
			);
			name = ActivityIndicator;
			productName = ActivityIndicator;
			productReference = A8399D2D1A2818000067DEA5 /* ActivityIndicator.app */;
			productType = "com.apple.product-type.application";
		};
		A8399D441A2818000067DEA5 /* ActivityIndicatorTests */ = {
			isa = PBXNativeTarget;
			buildConfigurationList = A8399D501A2818000067DEA5 /* Build configuration list for PBXNativeTarget "ActivityIndicatorTests" */;
			buildPhases = (
				A8399D411A2818000067DEA5 /* Sources */,
				A8399D421A2818000067DEA5 /* Frameworks */,
				A8399D431A2818000067DEA5 /* Resources */,
			);
			buildRules = (
			);
			dependencies = (
				A8399D471A2818000067DEA5 /* PBXTargetDependency */,
			);
			name = ActivityIndicatorTests;
			productName = ActivityIndicatorTests;
			productReference = A8399D451A2818000067DEA5 /* ActivityIndicatorTests.xctest */;
			productType = "com.apple.product-type.bundle.unit-test";
		};
		A8399D561A28558F0067DEA5 /* ToolBarTest */ = {
			isa = PBXNativeTarget;
			buildConfigurationList = A8399D771A28558F0067DEA5 /* Build configuration list for PBXNativeTarget "ToolBarTest" */;
			buildPhases = (
				A8399D531A28558F0067DEA5 /* Sources */,
				A8399D541A28558F0067DEA5 /* Frameworks */,
				A8399D551A28558F0067DEA5 /* Resources */,
			);
			buildRules = (
			);
			dependencies = (
			);
			name = ToolBarTest;
			productName = ToolBarTest;
			productReference = A8399D571A28558F0067DEA5 /* ToolBarTest.app */;
			productType = "com.apple.product-type.application";
		};
		A8399D6E1A28558F0067DEA5 /* ToolBarTestTests */ = {
			isa = PBXNativeTarget;
			buildConfigurationList = A8399D7A1A28558F0067DEA5 /* Build configuration list for PBXNativeTarget "ToolBarTestTests" */;
			buildPhases = (
				A8399D6B1A28558F0067DEA5 /* Sources */,
				A8399D6C1A28558F0067DEA5 /* Frameworks */,
				A8399D6D1A28558F0067DEA5 /* Resources */,
			);
			buildRules = (
			);
			dependencies = (
				A8399D711A28558F0067DEA5 /* PBXTargetDependency */,
			);
			name = ToolBarTestTests;
			productName = ToolBarTestTests;
			productReference = A8399D6F1A28558F0067DEA5 /* ToolBarTestTests.xctest */;
			productType = "com.apple.product-type.bundle.unit-test";
		};
		A869C7AC1A2978BC0096FCD3 /* RotateScreenTest */ = {
			isa = PBXNativeTarget;
			buildConfigurationList = A869C7D11A2978BC0096FCD3 /* Build configuration list for PBXNativeTarget "RotateScreenTest" */;
			buildPhases = (
				A869C7A91A2978BC0096FCD3 /* Sources */,
				A869C7AA1A2978BC0096FCD3 /* Frameworks */,
				A869C7AB1A2978BC0096FCD3 /* Resources */,
			);
			buildRules = (
			);
			dependencies = (
			);
			name = RotateScreenTest;
			productName = RotateScreenTest;
			productReference = A869C7AD1A2978BC0096FCD3 /* RotateScreenTest.app */;
			productType = "com.apple.product-type.application";
		};
		A869C7C41A2978BC0096FCD3 /* RotateScreenTestTests */ = {
			isa = PBXNativeTarget;
			buildConfigurationList = A869C7D21A2978BC0096FCD3 /* Build configuration list for PBXNativeTarget "RotateScreenTestTests" */;
			buildPhases = (
				A869C7C11A2978BC0096FCD3 /* Sources */,
				A869C7C21A2978BC0096FCD3 /* Frameworks */,
				A869C7C31A2978BC0096FCD3 /* Resources */,
			);
			buildRules = (
			);
			dependencies = (
				A869C7C71A2978BC0096FCD3 /* PBXTargetDependency */,
			);
			name = RotateScreenTestTests;
			productName = RotateScreenTestTests;
			productReference = A869C7C51A2978BC0096FCD3 /* RotateScreenTestTests.xctest */;
			productType = "com.apple.product-type.bundle.unit-test";
		};
		A869C7D81A29BC940096FCD3 /* CollectionViewSample */ = {
			isa = PBXNativeTarget;
			buildConfigurationList = A869C7F91A29BC950096FCD3 /* Build configuration list for PBXNativeTarget "CollectionViewSample" */;
			buildPhases = (
				A869C7D51A29BC940096FCD3 /* Sources */,
				A869C7D61A29BC940096FCD3 /* Frameworks */,
				A869C7D71A29BC940096FCD3 /* Resources */,
			);
			buildRules = (
			);
			dependencies = (
			);
			name = CollectionViewSample;
			productName = CollectionViewSample;
			productReference = A869C7D91A29BC940096FCD3 /* CollectionViewSample.app */;
			productType = "com.apple.product-type.application";
		};
		A869C7F01A29BC950096FCD3 /* CollectionViewSampleTests */ = {
			isa = PBXNativeTarget;
			buildConfigurationList = A869C7FC1A29BC950096FCD3 /* Build configuration list for PBXNativeTarget "CollectionViewSampleTests" */;
			buildPhases = (
				A869C7ED1A29BC950096FCD3 /* Sources */,
				A869C7EE1A29BC950096FCD3 /* Frameworks */,
				A869C7EF1A29BC950096FCD3 /* Resources */,
			);
			buildRules = (
			);
			dependencies = (
				A869C7F31A29BC950096FCD3 /* PBXTargetDependency */,
			);
			name = CollectionViewSampleTests;
			productName = CollectionViewSampleTests;
			productReference = A869C7F11A29BC950096FCD3 /* CollectionViewSampleTests.xctest */;
			productType = "com.apple.product-type.bundle.unit-test";
		};
		A8EBFB311A2673AF00836604 /* ScrolTest */ = {
			isa = PBXNativeTarget;
			buildConfigurationList = A8EBFB551A2673AF00836604 /* Build configuration list for PBXNativeTarget "ScrolTest" */;
			buildPhases = (
				A8EBFB2E1A2673AF00836604 /* Sources */,
				A8EBFB2F1A2673AF00836604 /* Frameworks */,
				A8EBFB301A2673AF00836604 /* Resources */,
			);
			buildRules = (
			);
			dependencies = (
			);
			name = ScrolTest;
			productName = ScrolTest;
			productReference = A8EBFB321A2673AF00836604 /* ScrolTest.app */;
			productType = "com.apple.product-type.application";
		};
		A8EBFB4A1A2673AF00836604 /* ScrolTestTests */ = {
			isa = PBXNativeTarget;
			buildConfigurationList = A8EBFB581A2673AF00836604 /* Build configuration list for PBXNativeTarget "ScrolTestTests" */;
			buildPhases = (
				A8EBFB471A2673AF00836604 /* Sources */,
				A8EBFB481A2673AF00836604 /* Frameworks */,
				A8EBFB491A2673AF00836604 /* Resources */,
			);
			buildRules = (
			);
			dependencies = (
				A8EBFB4D1A2673AF00836604 /* PBXTargetDependency */,
			);
			name = ScrolTestTests;
			productName = ScrolTestTests;
			productReference = A8EBFB4B1A2673AF00836604 /* ScrolTestTests.xctest */;
			productType = "com.apple.product-type.bundle.unit-test";
		};
/* End PBXNativeTarget section */

/* Begin PBXProject section */
		A8EBFB2A1A2673AF00836604 /* Project object */ = {
			isa = PBXProject;
			attributes = {
				LastUpgradeCheck = 0610;
				ORGANIZATIONNAME = "Alvin Sun";
				TargetAttributes = {
					A8399D2C1A2818000067DEA5 = {
						CreatedOnToolsVersion = 6.1;
					};
					A8399D441A2818000067DEA5 = {
						CreatedOnToolsVersion = 6.1;
						TestTargetID = A8399D2C1A2818000067DEA5;
					};
					A8399D561A28558F0067DEA5 = {
						CreatedOnToolsVersion = 6.1;
					};
					A8399D6E1A28558F0067DEA5 = {
						CreatedOnToolsVersion = 6.1;
						TestTargetID = A8399D561A28558F0067DEA5;
					};
					A869C7AC1A2978BC0096FCD3 = {
						CreatedOnToolsVersion = 6.1;
					};
					A869C7C41A2978BC0096FCD3 = {
						CreatedOnToolsVersion = 6.1;
						TestTargetID = A869C7AC1A2978BC0096FCD3;
					};
					A869C7D81A29BC940096FCD3 = {
						CreatedOnToolsVersion = 6.1;
					};
					A869C7F01A29BC950096FCD3 = {
						CreatedOnToolsVersion = 6.1;
						TestTargetID = A869C7D81A29BC940096FCD3;
					};
					A8EBFB311A2673AF00836604 = {
						CreatedOnToolsVersion = 6.1;
					};
					A8EBFB4A1A2673AF00836604 = {
						CreatedOnToolsVersion = 6.1;
						TestTargetID = A8EBFB311A2673AF00836604;
					};
				};
			};
			buildConfigurationList = A8EBFB2D1A2673AF00836604 /* Build configuration list for PBXProject "ScrolTest" */;
			compatibilityVersion = "Xcode 3.2";
			developmentRegion = English;
			hasScannedForEncodings = 0;
			knownRegions = (
				en,
				Base,
			);
			mainGroup = A8EBFB291A2673AF00836604;
			productRefGroup = A8EBFB331A2673AF00836604 /* Products */;
			projectDirPath = "";
			projectRoot = "";
			targets = (
				A8EBFB311A2673AF00836604 /* ScrolTest */,
				A8EBFB4A1A2673AF00836604 /* ScrolTestTests */,
				A8399D2C1A2818000067DEA5 /* ActivityIndicator */,
				A8399D441A2818000067DEA5 /* ActivityIndicatorTests */,
				A8399D561A28558F0067DEA5 /* ToolBarTest */,
				A8399D6E1A28558F0067DEA5 /* ToolBarTestTests */,
				A869C7AC1A2978BC0096FCD3 /* RotateScreenTest */,
				A869C7C41A2978BC0096FCD3 /* RotateScreenTestTests */,
				A869C7D81A29BC940096FCD3 /* CollectionViewSample */,
				A869C7F01A29BC950096FCD3 /* CollectionViewSampleTests */,
			);
		};
/* End PBXProject section */

/* Begin PBXResourcesBuildPhase section */
		A8399D2B1A2818000067DEA5 /* Resources */ = {
			isa = PBXResourcesBuildPhase;
			buildActionMask = 2147483647;
			files = (
				A8399D3B1A2818000067DEA5 /* Indicator.storyboard in Resources */,
				A8399D401A2818000067DEA5 /* LaunchScreen.xib in Resources */,
				A8399D3D1A2818000067DEA5 /* Images.xcassets in Resources */,
			);
			runOnlyForDeploymentPostprocessing = 0;
		};
		A8399D431A2818000067DEA5 /* Resources */ = {
			isa = PBXResourcesBuildPhase;
			buildActionMask = 2147483647;
			files = (
			);
			runOnlyForDeploymentPostprocessing = 0;
		};
		A8399D551A28558F0067DEA5 /* Resources */ = {
			isa = PBXResourcesBuildPhase;
			buildActionMask = 2147483647;
			files = (
				A8399D651A28558F0067DEA5 /* Toolbar.storyboard in Resources */,
				A8399D6A1A28558F0067DEA5 /* LaunchScreen.xib in Resources */,
				A8399D671A28558F0067DEA5 /* Images.xcassets in Resources */,
			);
			runOnlyForDeploymentPostprocessing = 0;
		};
		A8399D6D1A28558F0067DEA5 /* Resources */ = {
			isa = PBXResourcesBuildPhase;
			buildActionMask = 2147483647;
			files = (
			);
			runOnlyForDeploymentPostprocessing = 0;
		};
		A869C7AB1A2978BC0096FCD3 /* Resources */ = {
			isa = PBXResourcesBuildPhase;
			buildActionMask = 2147483647;
			files = (
				A869C7BB1A2978BC0096FCD3 /* RotateScreen.storyboard in Resources */,
				A869C7C01A2978BC0096FCD3 /* LaunchScreen.xib in Resources */,
				A869C7BD1A2978BC0096FCD3 /* Images.xcassets in Resources */,
				A869C7D41A29B05F0096FCD3 /* provinces-cities.plist in Resources */,
			);
			runOnlyForDeploymentPostprocessing = 0;
		};
		A869C7C31A2978BC0096FCD3 /* Resources */ = {
			isa = PBXResourcesBuildPhase;
			buildActionMask = 2147483647;
			files = (
			);
			runOnlyForDeploymentPostprocessing = 0;
		};
		A869C7D71A29BC940096FCD3 /* Resources */ = {
			isa = PBXResourcesBuildPhase;
			buildActionMask = 2147483647;
			files = (
				A869C8041A29BEBE0096FCD3 /* 2.png in Resources */,
				A869C7E71A29BC940096FCD3 /* Collection.storyboard in Resources */,
				A869C7EC1A29BC950096FCD3 /* LaunchScreen.xib in Resources */,
				A869C7E91A29BC940096FCD3 /* Images.xcassets in Resources */,
				A869C8001A29BDA20096FCD3 /* events.plist in Resources */,
				A869C8031A29BEBE0096FCD3 /* 1.png in Resources */,
			);
			runOnlyForDeploymentPostprocessing = 0;
		};
		A869C7EF1A29BC950096FCD3 /* Resources */ = {
			isa = PBXResourcesBuildPhase;
			buildActionMask = 2147483647;
			files = (
			);
			runOnlyForDeploymentPostprocessing = 0;
		};
		A8EBFB301A2673AF00836604 /* Resources */ = {
			isa = PBXResourcesBuildPhase;
			buildActionMask = 2147483647;
			files = (
				A8EBFB411A2673AF00836604 /* Scrol.storyboard in Resources */,
				A8EBFB461A2673AF00836604 /* LaunchScreen.xib in Resources */,
				A8EBFB431A2673AF00836604 /* Images.xcassets in Resources */,
			);
			runOnlyForDeploymentPostprocessing = 0;
		};
		A8EBFB491A2673AF00836604 /* Resources */ = {
			isa = PBXResourcesBuildPhase;
			buildActionMask = 2147483647;
			files = (
			);
			runOnlyForDeploymentPostprocessing = 0;
		};
/* End PBXResourcesBuildPhase section */

/* Begin PBXSourcesBuildPhase section */
		A8399D291A2818000067DEA5 /* Sources */ = {
			isa = PBXSourcesBuildPhase;
			buildActionMask = 2147483647;
			files = (
				A8399D381A2818000067DEA5 /* IndicatorViewController.m in Sources */,
				A8399D351A2818000067DEA5 /* AppDelegate.m in Sources */,
				A8399D321A2818000067DEA5 /* main.m in Sources */,
			);
			runOnlyForDeploymentPostprocessing = 0;
		};
		A8399D411A2818000067DEA5 /* Sources */ = {
			isa = PBXSourcesBuildPhase;
			buildActionMask = 2147483647;
			files = (
				A8399D4C1A2818000067DEA5 /* ActivityIndicatorTests.m in Sources */,
			);
			runOnlyForDeploymentPostprocessing = 0;
		};
		A8399D531A28558F0067DEA5 /* Sources */ = {
			isa = PBXSourcesBuildPhase;
			buildActionMask = 2147483647;
			files = (
				A8399D621A28558F0067DEA5 /* ToolBarController.m in Sources */,
				A8399D5F1A28558F0067DEA5 /* AppDelegate.m in Sources */,
				A8399D5C1A28558F0067DEA5 /* main.m in Sources */,
			);
			runOnlyForDeploymentPostprocessing = 0;
		};
		A8399D6B1A28558F0067DEA5 /* Sources */ = {
			isa = PBXSourcesBuildPhase;
			buildActionMask = 2147483647;
			files = (
				A8399D761A28558F0067DEA5 /* ToolBarTestTests.m in Sources */,
			);
			runOnlyForDeploymentPostprocessing = 0;
		};
		A869C7A91A2978BC0096FCD3 /* Sources */ = {
			isa = PBXSourcesBuildPhase;
			buildActionMask = 2147483647;
			files = (
				A869C7B81A2978BC0096FCD3 /* RotateScreenTest.m in Sources */,
				A869C7B51A2978BC0096FCD3 /* AppDelegate.m in Sources */,
				A869C7B21A2978BC0096FCD3 /* main.m in Sources */,
			);
			runOnlyForDeploymentPostprocessing = 0;
		};
		A869C7C11A2978BC0096FCD3 /* Sources */ = {
			isa = PBXSourcesBuildPhase;
			buildActionMask = 2147483647;
			files = (
				A869C7CC1A2978BC0096FCD3 /* RotateScreenTestTests.m in Sources */,
			);
			runOnlyForDeploymentPostprocessing = 0;
		};
		A869C7D51A29BC940096FCD3 /* Sources */ = {
			isa = PBXSourcesBuildPhase;
			buildActionMask = 2147483647;
			files = (
				A869C7E41A29BC940096FCD3 /* ViewController.m in Sources */,
				A869C8081A29C12A0096FCD3 /* Cell.m in Sources */,
				A869C7E11A29BC940096FCD3 /* AppDelegate.m in Sources */,
				A869C7DE1A29BC940096FCD3 /* main.m in Sources */,
			);
			runOnlyForDeploymentPostprocessing = 0;
		};
		A869C7ED1A29BC950096FCD3 /* Sources */ = {
			isa = PBXSourcesBuildPhase;
			buildActionMask = 2147483647;
			files = (
				A869C7F81A29BC950096FCD3 /* CollectionViewSampleTests.m in Sources */,
			);
			runOnlyForDeploymentPostprocessing = 0;
		};
		A8EBFB2E1A2673AF00836604 /* Sources */ = {
			isa = PBXSourcesBuildPhase;
			buildActionMask = 2147483647;
			files = (
				A8EBFB3E1A2673AF00836604 /* ScrolController.m in Sources */,
				A8EBFB3B1A2673AF00836604 /* AppDelegate.m in Sources */,
				A8EBFB381A2673AF00836604 /* main.m in Sources */,
			);
			runOnlyForDeploymentPostprocessing = 0;
		};
		A8EBFB471A2673AF00836604 /* Sources */ = {
			isa = PBXSourcesBuildPhase;
			buildActionMask = 2147483647;
			files = (
				A8EBFB521A2673AF00836604 /* ScrolTestTests.m in Sources */,
			);
			runOnlyForDeploymentPostprocessing = 0;
		};
/* End PBXSourcesBuildPhase section */

/* Begin PBXTargetDependency section */
		A8399D471A2818000067DEA5 /* PBXTargetDependency */ = {
			isa = PBXTargetDependency;
			target = A8399D2C1A2818000067DEA5 /* ActivityIndicator */;
			targetProxy = A8399D461A2818000067DEA5 /* PBXContainerItemProxy */;
		};
		A8399D711A28558F0067DEA5 /* PBXTargetDependency */ = {
			isa = PBXTargetDependency;
			target = A8399D561A28558F0067DEA5 /* ToolBarTest */;
			targetProxy = A8399D701A28558F0067DEA5 /* PBXContainerItemProxy */;
		};
		A869C7C71A2978BC0096FCD3 /* PBXTargetDependency */ = {
			isa = PBXTargetDependency;
			target = A869C7AC1A2978BC0096FCD3 /* RotateScreenTest */;
			targetProxy = A869C7C61A2978BC0096FCD3 /* PBXContainerItemProxy */;
		};
		A869C7F31A29BC950096FCD3 /* PBXTargetDependency */ = {
			isa = PBXTargetDependency;
			target = A869C7D81A29BC940096FCD3 /* CollectionViewSample */;
			targetProxy = A869C7F21A29BC950096FCD3 /* PBXContainerItemProxy */;
		};
		A8EBFB4D1A2673AF00836604 /* PBXTargetDependency */ = {
			isa = PBXTargetDependency;
			target = A8EBFB311A2673AF00836604 /* ScrolTest */;
			targetProxy = A8EBFB4C1A2673AF00836604 /* PBXContainerItemProxy */;
		};
/* End PBXTargetDependency section */

/* Begin PBXVariantGroup section */
		A8399D391A2818000067DEA5 /* Indicator.storyboard */ = {
			isa = PBXVariantGroup;
			children = (
				A8399D3A1A2818000067DEA5 /* Base */,
			);
			name = Indicator.storyboard;
			sourceTree = "<group>";
		};
		A8399D3E1A2818000067DEA5 /* LaunchScreen.xib */ = {
			isa = PBXVariantGroup;
			children = (
				A8399D3F1A2818000067DEA5 /* Base */,
			);
			name = LaunchScreen.xib;
			sourceTree = "<group>";
		};
		A8399D631A28558F0067DEA5 /* Toolbar.storyboard */ = {
			isa = PBXVariantGroup;
			children = (
				A8399D641A28558F0067DEA5 /* Base */,
			);
			name = Toolbar.storyboard;
			sourceTree = "<group>";
		};
		A8399D681A28558F0067DEA5 /* LaunchScreen.xib */ = {
			isa = PBXVariantGroup;
			children = (
				A8399D691A28558F0067DEA5 /* Base */,
			);
			name = LaunchScreen.xib;
			sourceTree = "<group>";
		};
		A869C7B91A2978BC0096FCD3 /* RotateScreen.storyboard */ = {
			isa = PBXVariantGroup;
			children = (
				A869C7BA1A2978BC0096FCD3 /* Base */,
			);
			name = RotateScreen.storyboard;
			sourceTree = "<group>";
		};
		A869C7BE1A2978BC0096FCD3 /* LaunchScreen.xib */ = {
			isa = PBXVariantGroup;
			children = (
				A869C7BF1A2978BC0096FCD3 /* Base */,
			);
			name = LaunchScreen.xib;
			sourceTree = "<group>";
		};
		A869C7E51A29BC940096FCD3 /* Collection.storyboard */ = {
			isa = PBXVariantGroup;
			children = (
				A869C7E61A29BC940096FCD3 /* Base */,
			);
			name = Collection.storyboard;
			sourceTree = "<group>";
		};
		A869C7EA1A29BC950096FCD3 /* LaunchScreen.xib */ = {
			isa = PBXVariantGroup;
			children = (
				A869C7EB1A29BC950096FCD3 /* Base */,
			);
			name = LaunchScreen.xib;
			sourceTree = "<group>";
		};
		A8EBFB3F1A2673AF00836604 /* Scrol.storyboard */ = {
			isa = PBXVariantGroup;
			children = (
				A8EBFB401A2673AF00836604 /* Base */,
			);
			name = Scrol.storyboard;
			sourceTree = "<group>";
		};
		A8EBFB441A2673AF00836604 /* LaunchScreen.xib */ = {
			isa = PBXVariantGroup;
			children = (
				A8EBFB451A2673AF00836604 /* Base */,
			);
			name = LaunchScreen.xib;
			sourceTree = "<group>";
		};
/* End PBXVariantGroup section */

/* Begin XCBuildConfiguration section */
		A8399D4E1A2818000067DEA5 /* Debug */ = {
			isa = XCBuildConfiguration;
			buildSettings = {
				ASSETCATALOG_COMPILER_APPICON_NAME = AppIcon;
				GCC_PREPROCESSOR_DEFINITIONS = (
					"DEBUG=1",
					"$(inherited)",
				);
				INFOPLIST_FILE = ActivityIndicator/Info.plist;
				LD_RUNPATH_SEARCH_PATHS = "$(inherited) @executable_path/Frameworks";
				PRODUCT_NAME = "$(TARGET_NAME)";
			};
			name = Debug;
		};
		A8399D4F1A2818000067DEA5 /* Release */ = {
			isa = XCBuildConfiguration;
			buildSettings = {
				ASSETCATALOG_COMPILER_APPICON_NAME = AppIcon;
				INFOPLIST_FILE = ActivityIndicator/Info.plist;
				LD_RUNPATH_SEARCH_PATHS = "$(inherited) @executable_path/Frameworks";
				PRODUCT_NAME = "$(TARGET_NAME)";
			};
			name = Release;
		};
		A8399D511A2818000067DEA5 /* Debug */ = {
			isa = XCBuildConfiguration;
			buildSettings = {
				BUNDLE_LOADER = "$(TEST_HOST)";
				FRAMEWORK_SEARCH_PATHS = (
					"$(SDKROOT)/Developer/Library/Frameworks",
					"$(inherited)",
				);
				GCC_PREPROCESSOR_DEFINITIONS = (
					"DEBUG=1",
					"$(inherited)",
				);
				INFOPLIST_FILE = ActivityIndicatorTests/Info.plist;
				LD_RUNPATH_SEARCH_PATHS = "$(inherited) @executable_path/Frameworks @loader_path/Frameworks";
				PRODUCT_NAME = "$(TARGET_NAME)";
				TEST_HOST = "$(BUILT_PRODUCTS_DIR)/ActivityIndicator.app/ActivityIndicator";
			};
			name = Debug;
		};
		A8399D521A2818000067DEA5 /* Release */ = {
			isa = XCBuildConfiguration;
			buildSettings = {
				BUNDLE_LOADER = "$(TEST_HOST)";
				FRAMEWORK_SEARCH_PATHS = (
					"$(SDKROOT)/Developer/Library/Frameworks",
					"$(inherited)",
				);
				INFOPLIST_FILE = ActivityIndicatorTests/Info.plist;
				LD_RUNPATH_SEARCH_PATHS = "$(inherited) @executable_path/Frameworks @loader_path/Frameworks";
				PRODUCT_NAME = "$(TARGET_NAME)";
				TEST_HOST = "$(BUILT_PRODUCTS_DIR)/ActivityIndicator.app/ActivityIndicator";
			};
			name = Release;
		};
		A8399D781A28558F0067DEA5 /* Debug */ = {
			isa = XCBuildConfiguration;
			buildSettings = {
				ASSETCATALOG_COMPILER_APPICON_NAME = AppIcon;
				GCC_PREPROCESSOR_DEFINITIONS = (
					"DEBUG=1",
					"$(inherited)",
				);
				INFOPLIST_FILE = ToolBarTest/Info.plist;
				LD_RUNPATH_SEARCH_PATHS = "$(inherited) @executable_path/Frameworks";
				PRODUCT_NAME = "$(TARGET_NAME)";
			};
			name = Debug;
		};
		A8399D791A28558F0067DEA5 /* Release */ = {
			isa = XCBuildConfiguration;
			buildSettings = {
				ASSETCATALOG_COMPILER_APPICON_NAME = AppIcon;
				INFOPLIST_FILE = ToolBarTest/Info.plist;
				LD_RUNPATH_SEARCH_PATHS = "$(inherited) @executable_path/Frameworks";
				PRODUCT_NAME = "$(TARGET_NAME)";
			};
			name = Release;
		};
		A8399D7B1A28558F0067DEA5 /* Debug */ = {
			isa = XCBuildConfiguration;
			buildSettings = {
				BUNDLE_LOADER = "$(TEST_HOST)";
				FRAMEWORK_SEARCH_PATHS = (
					"$(SDKROOT)/Developer/Library/Frameworks",
					"$(inherited)",
				);
				GCC_PREPROCESSOR_DEFINITIONS = (
					"DEBUG=1",
					"$(inherited)",
				);
				INFOPLIST_FILE = ToolBarTestTests/Info.plist;
				LD_RUNPATH_SEARCH_PATHS = "$(inherited) @executable_path/Frameworks @loader_path/Frameworks";
				PRODUCT_NAME = "$(TARGET_NAME)";
				TEST_HOST = "$(BUILT_PRODUCTS_DIR)/ToolBarTest.app/ToolBarTest";
			};
			name = Debug;
		};
		A8399D7C1A28558F0067DEA5 /* Release */ = {
			isa = XCBuildConfiguration;
			buildSettings = {
				BUNDLE_LOADER = "$(TEST_HOST)";
				FRAMEWORK_SEARCH_PATHS = (
					"$(SDKROOT)/Developer/Library/Frameworks",
					"$(inherited)",
				);
				INFOPLIST_FILE = ToolBarTestTests/Info.plist;
				LD_RUNPATH_SEARCH_PATHS = "$(inherited) @executable_path/Frameworks @loader_path/Frameworks";
				PRODUCT_NAME = "$(TARGET_NAME)";
				TEST_HOST = "$(BUILT_PRODUCTS_DIR)/ToolBarTest.app/ToolBarTest";
			};
			name = Release;
		};
		A869C7CD1A2978BC0096FCD3 /* Debug */ = {
			isa = XCBuildConfiguration;
			buildSettings = {
				ASSETCATALOG_COMPILER_APPICON_NAME = AppIcon;
				GCC_PREPROCESSOR_DEFINITIONS = (
					"DEBUG=1",
					"$(inherited)",
				);
				INFOPLIST_FILE = RotateScreenTest/Info.plist;
				LD_RUNPATH_SEARCH_PATHS = "$(inherited) @executable_path/Frameworks";
				PRODUCT_NAME = "$(TARGET_NAME)";
			};
			name = Debug;
		};
		A869C7CE1A2978BC0096FCD3 /* Release */ = {
			isa = XCBuildConfiguration;
			buildSettings = {
				ASSETCATALOG_COMPILER_APPICON_NAME = AppIcon;
				INFOPLIST_FILE = RotateScreenTest/Info.plist;
				LD_RUNPATH_SEARCH_PATHS = "$(inherited) @executable_path/Frameworks";
				PRODUCT_NAME = "$(TARGET_NAME)";
			};
			name = Release;
		};
		A869C7CF1A2978BC0096FCD3 /* Debug */ = {
			isa = XCBuildConfiguration;
			buildSettings = {
				BUNDLE_LOADER = "$(TEST_HOST)";
				FRAMEWORK_SEARCH_PATHS = (
					"$(SDKROOT)/Developer/Library/Frameworks",
					"$(inherited)",
				);
				GCC_PREPROCESSOR_DEFINITIONS = (
					"DEBUG=1",
					"$(inherited)",
				);
				INFOPLIST_FILE = RotateScreenTestTests/Info.plist;
				LD_RUNPATH_SEARCH_PATHS = "$(inherited) @executable_path/Frameworks @loader_path/Frameworks";
				PRODUCT_NAME = "$(TARGET_NAME)";
				TEST_HOST = "$(BUILT_PRODUCTS_DIR)/RotateScreenTest.app/RotateScreenTest";
			};
			name = Debug;
		};
		A869C7D01A2978BC0096FCD3 /* Release */ = {
			isa = XCBuildConfiguration;
			buildSettings = {
				BUNDLE_LOADER = "$(TEST_HOST)";
				FRAMEWORK_SEARCH_PATHS = (
					"$(SDKROOT)/Developer/Library/Frameworks",
					"$(inherited)",
				);
				INFOPLIST_FILE = RotateScreenTestTests/Info.plist;
				LD_RUNPATH_SEARCH_PATHS = "$(inherited) @executable_path/Frameworks @loader_path/Frameworks";
				PRODUCT_NAME = "$(TARGET_NAME)";
				TEST_HOST = "$(BUILT_PRODUCTS_DIR)/RotateScreenTest.app/RotateScreenTest";
			};
			name = Release;
		};
		A869C7FA1A29BC950096FCD3 /* Debug */ = {
			isa = XCBuildConfiguration;
			buildSettings = {
				ASSETCATALOG_COMPILER_APPICON_NAME = AppIcon;
				GCC_PREPROCESSOR_DEFINITIONS = (
					"DEBUG=1",
					"$(inherited)",
				);
				INFOPLIST_FILE = CollectionViewSample/Info.plist;
				LD_RUNPATH_SEARCH_PATHS = "$(inherited) @executable_path/Frameworks";
				PRODUCT_NAME = "$(TARGET_NAME)";
			};
			name = Debug;
		};
		A869C7FB1A29BC950096FCD3 /* Release */ = {
			isa = XCBuildConfiguration;
			buildSettings = {
				ASSETCATALOG_COMPILER_APPICON_NAME = AppIcon;
				INFOPLIST_FILE = CollectionViewSample/Info.plist;
				LD_RUNPATH_SEARCH_PATHS = "$(inherited) @executable_path/Frameworks";
				PRODUCT_NAME = "$(TARGET_NAME)";
			};
			name = Release;
		};
		A869C7FD1A29BC950096FCD3 /* Debug */ = {
			isa = XCBuildConfiguration;
			buildSettings = {
				BUNDLE_LOADER = "$(TEST_HOST)";
				FRAMEWORK_SEARCH_PATHS = (
					"$(SDKROOT)/Developer/Library/Frameworks",
					"$(inherited)",
				);
				GCC_PREPROCESSOR_DEFINITIONS = (
					"DEBUG=1",
					"$(inherited)",
				);
				INFOPLIST_FILE = CollectionViewSampleTests/Info.plist;
				LD_RUNPATH_SEARCH_PATHS = "$(inherited) @executable_path/Frameworks @loader_path/Frameworks";
				PRODUCT_NAME = "$(TARGET_NAME)";
				TEST_HOST = "$(BUILT_PRODUCTS_DIR)/CollectionViewSample.app/CollectionViewSample";
			};
			name = Debug;
		};
		A869C7FE1A29BC950096FCD3 /* Release */ = {
			isa = XCBuildConfiguration;
			buildSettings = {
				BUNDLE_LOADER = "$(TEST_HOST)";
				FRAMEWORK_SEARCH_PATHS = (
					"$(SDKROOT)/Developer/Library/Frameworks",
					"$(inherited)",
				);
				INFOPLIST_FILE = CollectionViewSampleTests/Info.plist;
				LD_RUNPATH_SEARCH_PATHS = "$(inherited) @executable_path/Frameworks @loader_path/Frameworks";
				PRODUCT_NAME = "$(TARGET_NAME)";
				TEST_HOST = "$(BUILT_PRODUCTS_DIR)/CollectionViewSample.app/CollectionViewSample";
			};
			name = Release;
		};
		A8EBFB531A2673AF00836604 /* Debug */ = {
			isa = XCBuildConfiguration;
			buildSettings = {
				ALWAYS_SEARCH_USER_PATHS = NO;
				CLANG_CXX_LANGUAGE_STANDARD = "gnu++0x";
				CLANG_CXX_LIBRARY = "libc++";
				CLANG_ENABLE_MODULES = YES;
				CLANG_ENABLE_OBJC_ARC = YES;
				CLANG_WARN_BOOL_CONVERSION = YES;
				CLANG_WARN_CONSTANT_CONVERSION = YES;
				CLANG_WARN_DIRECT_OBJC_ISA_USAGE = YES_ERROR;
				CLANG_WARN_EMPTY_BODY = YES;
				CLANG_WARN_ENUM_CONVERSION = YES;
				CLANG_WARN_INT_CONVERSION = YES;
				CLANG_WARN_OBJC_ROOT_CLASS = YES_ERROR;
				CLANG_WARN_UNREACHABLE_CODE = YES;
				CLANG_WARN__DUPLICATE_METHOD_MATCH = YES;
				"CODE_SIGN_IDENTITY[sdk=iphoneos*]" = "iPhone Developer";
				COPY_PHASE_STRIP = NO;
				ENABLE_STRICT_OBJC_MSGSEND = YES;
				GCC_C_LANGUAGE_STANDARD = gnu99;
				GCC_DYNAMIC_NO_PIC = NO;
				GCC_OPTIMIZATION_LEVEL = 0;
				GCC_PREPROCESSOR_DEFINITIONS = (
					"DEBUG=1",
					"$(inherited)",
				);
				GCC_SYMBOLS_PRIVATE_EXTERN = NO;
				GCC_WARN_64_TO_32_BIT_CONVERSION = YES;
				GCC_WARN_ABOUT_RETURN_TYPE = YES_ERROR;
				GCC_WARN_UNDECLARED_SELECTOR = YES;
				GCC_WARN_UNINITIALIZED_AUTOS = YES_AGGRESSIVE;
				GCC_WARN_UNUSED_FUNCTION = YES;
				GCC_WARN_UNUSED_VARIABLE = YES;
				IPHONEOS_DEPLOYMENT_TARGET = 8.1;
				MTL_ENABLE_DEBUG_INFO = YES;
				ONLY_ACTIVE_ARCH = YES;
				SDKROOT = iphoneos;
			};
			name = Debug;
		};
		A8EBFB541A2673AF00836604 /* Release */ = {
			isa = XCBuildConfiguration;
			buildSettings = {
				ALWAYS_SEARCH_USER_PATHS = NO;
				CLANG_CXX_LANGUAGE_STANDARD = "gnu++0x";
				CLANG_CXX_LIBRARY = "libc++";
				CLANG_ENABLE_MODULES = YES;
				CLANG_ENABLE_OBJC_ARC = YES;
				CLANG_WARN_BOOL_CONVERSION = YES;
				CLANG_WARN_CONSTANT_CONVERSION = YES;
				CLANG_WARN_DIRECT_OBJC_ISA_USAGE = YES_ERROR;
				CLANG_WARN_EMPTY_BODY = YES;
				CLANG_WARN_ENUM_CONVERSION = YES;
				CLANG_WARN_INT_CONVERSION = YES;
				CLANG_WARN_OBJC_ROOT_CLASS = YES_ERROR;
				CLANG_WARN_UNREACHABLE_CODE = YES;
				CLANG_WARN__DUPLICATE_METHOD_MATCH = YES;
				"CODE_SIGN_IDENTITY[sdk=iphoneos*]" = "iPhone Developer";
				COPY_PHASE_STRIP = YES;
				ENABLE_NS_ASSERTIONS = NO;
				ENABLE_STRICT_OBJC_MSGSEND = YES;
				GCC_C_LANGUAGE_STANDARD = gnu99;
				GCC_WARN_64_TO_32_BIT_CONVERSION = YES;
				GCC_WARN_ABOUT_RETURN_TYPE = YES_ERROR;
				GCC_WARN_UNDECLARED_SELECTOR = YES;
				GCC_WARN_UNINITIALIZED_AUTOS = YES_AGGRESSIVE;
				GCC_WARN_UNUSED_FUNCTION = YES;
				GCC_WARN_UNUSED_VARIABLE = YES;
				IPHONEOS_DEPLOYMENT_TARGET = 8.1;
				MTL_ENABLE_DEBUG_INFO = NO;
				SDKROOT = iphoneos;
				VALIDATE_PRODUCT = YES;
			};
			name = Release;
		};
		A8EBFB561A2673AF00836604 /* Debug */ = {
			isa = XCBuildConfiguration;
			buildSettings = {
				ASSETCATALOG_COMPILER_APPICON_NAME = AppIcon;
				INFOPLIST_FILE = ScrolTest/Info.plist;
				LD_RUNPATH_SEARCH_PATHS = "$(inherited) @executable_path/Frameworks";
				PRODUCT_NAME = "$(TARGET_NAME)";
			};
			name = Debug;
		};
		A8EBFB571A2673AF00836604 /* Release */ = {
			isa = XCBuildConfiguration;
			buildSettings = {
				ASSETCATALOG_COMPILER_APPICON_NAME = AppIcon;
				INFOPLIST_FILE = ScrolTest/Info.plist;
				LD_RUNPATH_SEARCH_PATHS = "$(inherited) @executable_path/Frameworks";
				PRODUCT_NAME = "$(TARGET_NAME)";
			};
			name = Release;
		};
		A8EBFB591A2673AF00836604 /* Debug */ = {
			isa = XCBuildConfiguration;
			buildSettings = {
				BUNDLE_LOADER = "$(TEST_HOST)";
				FRAMEWORK_SEARCH_PATHS = (
					"$(SDKROOT)/Developer/Library/Frameworks",
					"$(inherited)",
				);
				GCC_PREPROCESSOR_DEFINITIONS = (
					"DEBUG=1",
					"$(inherited)",
				);
				INFOPLIST_FILE = ScrolTestTests/Info.plist;
				LD_RUNPATH_SEARCH_PATHS = "$(inherited) @executable_path/Frameworks @loader_path/Frameworks";
				PRODUCT_NAME = "$(TARGET_NAME)";
				TEST_HOST = "$(BUILT_PRODUCTS_DIR)/ScrolTest.app/ScrolTest";
			};
			name = Debug;
		};
		A8EBFB5A1A2673AF00836604 /* Release */ = {
			isa = XCBuildConfiguration;
			buildSettings = {
				BUNDLE_LOADER = "$(TEST_HOST)";
				FRAMEWORK_SEARCH_PATHS = (
					"$(SDKROOT)/Developer/Library/Frameworks",
					"$(inherited)",
				);
				INFOPLIST_FILE = ScrolTestTests/Info.plist;
				LD_RUNPATH_SEARCH_PATHS = "$(inherited) @executable_path/Frameworks @loader_path/Frameworks";
				PRODUCT_NAME = "$(TARGET_NAME)";
				TEST_HOST = "$(BUILT_PRODUCTS_DIR)/ScrolTest.app/ScrolTest";
			};
			name = Release;
		};
/* End XCBuildConfiguration section */

/* Begin XCConfigurationList section */
		A8399D4D1A2818000067DEA5 /* Build configuration list for PBXNativeTarget "ActivityIndicator" */ = {
			isa = XCConfigurationList;
			buildConfigurations = (
				A8399D4E1A2818000067DEA5 /* Debug */,
				A8399D4F1A2818000067DEA5 /* Release */,
			);
			defaultConfigurationIsVisible = 0;
			defaultConfigurationName = Release;
		};
		A8399D501A2818000067DEA5 /* Build configuration list for PBXNativeTarget "ActivityIndicatorTests" */ = {
			isa = XCConfigurationList;
			buildConfigurations = (
				A8399D511A2818000067DEA5 /* Debug */,
				A8399D521A2818000067DEA5 /* Release */,
			);
			defaultConfigurationIsVisible = 0;
			defaultConfigurationName = Release;
		};
		A8399D771A28558F0067DEA5 /* Build configuration list for PBXNativeTarget "ToolBarTest" */ = {
			isa = XCConfigurationList;
			buildConfigurations = (
				A8399D781A28558F0067DEA5 /* Debug */,
				A8399D791A28558F0067DEA5 /* Release */,
			);
			defaultConfigurationIsVisible = 0;
			defaultConfigurationName = Release;
		};
		A8399D7A1A28558F0067DEA5 /* Build configuration list for PBXNativeTarget "ToolBarTestTests" */ = {
			isa = XCConfigurationList;
			buildConfigurations = (
				A8399D7B1A28558F0067DEA5 /* Debug */,
				A8399D7C1A28558F0067DEA5 /* Release */,
			);
			defaultConfigurationIsVisible = 0;
			defaultConfigurationName = Release;
		};
		A869C7D11A2978BC0096FCD3 /* Build configuration list for PBXNativeTarget "RotateScreenTest" */ = {
			isa = XCConfigurationList;
			buildConfigurations = (
				A869C7CD1A2978BC0096FCD3 /* Debug */,
				A869C7CE1A2978BC0096FCD3 /* Release */,
			);
			defaultConfigurationIsVisible = 0;
		};
		A869C7D21A2978BC0096FCD3 /* Build configuration list for PBXNativeTarget "RotateScreenTestTests" */ = {
			isa = XCConfigurationList;
			buildConfigurations = (
				A869C7CF1A2978BC0096FCD3 /* Debug */,
				A869C7D01A2978BC0096FCD3 /* Release */,
			);
			defaultConfigurationIsVisible = 0;
		};
		A869C7F91A29BC950096FCD3 /* Build configuration list for PBXNativeTarget "CollectionViewSample" */ = {
			isa = XCConfigurationList;
			buildConfigurations = (
				A869C7FA1A29BC950096FCD3 /* Debug */,
				A869C7FB1A29BC950096FCD3 /* Release */,
			);
			defaultConfigurationIsVisible = 0;
		};
		A869C7FC1A29BC950096FCD3 /* Build configuration list for PBXNativeTarget "CollectionViewSampleTests" */ = {
			isa = XCConfigurationList;
			buildConfigurations = (
				A869C7FD1A29BC950096FCD3 /* Debug */,
				A869C7FE1A29BC950096FCD3 /* Release */,
			);
			defaultConfigurationIsVisible = 0;
		};
		A8EBFB2D1A2673AF00836604 /* Build configuration list for PBXProject "ScrolTest" */ = {
			isa = XCConfigurationList;
			buildConfigurations = (
				A8EBFB531A2673AF00836604 /* Debug */,
				A8EBFB541A2673AF00836604 /* Release */,
			);
			defaultConfigurationIsVisible = 0;
			defaultConfigurationName = Release;
		};
		A8EBFB551A2673AF00836604 /* Build configuration list for PBXNativeTarget "ScrolTest" */ = {
			isa = XCConfigurationList;
			buildConfigurations = (
				A8EBFB561A2673AF00836604 /* Debug */,
				A8EBFB571A2673AF00836604 /* Release */,
			);
			defaultConfigurationIsVisible = 0;
			defaultConfigurationName = Release;
		};
		A8EBFB581A2673AF00836604 /* Build configuration list for PBXNativeTarget "ScrolTestTests" */ = {
			isa = XCConfigurationList;
			buildConfigurations = (
				A8EBFB591A2673AF00836604 /* Debug */,
				A8EBFB5A1A2673AF00836604 /* Release */,
			);
			defaultConfigurationIsVisible = 0;
			defaultConfigurationName = Release;
		};
/* End XCConfigurationList section */
	};
	rootObject = A8EBFB2A1A2673AF00836604 /* Project object */;
}
